
Microsoft Visual Studio Solution File, Format Version 11.00
# Visual Studio 2010
Project("{FAE04EC0-301F-11D3-BF4B-00C04F79EFBC}") = "RefDll", "RefDll\RefDll.csproj", "{D04F1D53-E856-464C-9745-5C209B96327D}"
	ProjectSection(ProjectDependencies) = postProject
		{7F773479-D347-4B5A-A966-F4C3D0D49727} = {7F773479-D347-4B5A-A966-F4C3D0D49727}
	EndProjectSection
EndProject
Project("{FAE04EC0-301F-11D3-BF4B-00C04F79EFBC}") = "TestDll", "TestDll\TestDll.csproj", "{7F773479-D347-4B5A-A966-F4C3D0D49727}"
EndProject
Global
	GlobalSection(SolutionConfigurationPlatforms) = preSolution
		Debug|Any CPU = Debug|Any CPU
		Debug|Mixed Platforms = Debug|Mixed Platforms
		Debug|x86 = Debug|x86
		Release|Any CPU = Release|Any CPU
		Release|Mixed Platforms = Release|Mixed Platforms
		Release|x86 = Release|x86
	EndGlobalSection
	GlobalSection(ProjectConfigurationPlatforms) = postSolution
		{D04F1D53-E856-464C-9745-5C209B96327D}.Debug|Any CPU.ActiveCfg = Debug|x86
		{D04F1D53-E856-464C-9745-5C209B96327D}.Debug|Mixed Platforms.ActiveCfg = Debug|x86
		{D04F1D53-E856-464C-9745-5C209B96327D}.Debug|Mixed Platforms.Build.0 = Debug|x86
		{D04F1D53-E856-464C-9745-5C209B96327D}.Debug|x86.ActiveCfg = Debug|x86
		{D04F1D53-E856-464C-9745-5C209B96327D}.Debug|x86.Build.0 = Debug|x86
		{D04F1D53-E856-464C-9745-5C209B96327D}.Release|Any CPU.ActiveCfg = Release|x86
		{D04F1D53-E856-464C-9745-5C209B96327D}.Release|Mixed Platforms.ActiveCfg = Release|x86
		{D04F1D53-E856-464C-9745-5C209B96327D}.Release|Mixed Platforms.Build.0 = Release|x86
		{D04F1D53-E856-464C-9745-5C209B96327D}.Release|x86.ActiveCfg = Release|x86
		{D04F1D53-E856-464C-9745-5C209B96327D}.Release|x86.Build.0 = Release|x86
		{7F773479-D347-4B5A-A966-F4C3D0D49727}.Debug|Any CPU.ActiveCfg = Debug|Any CPU
		{7F773479-D347-4B5A-A966-F4C3D0D49727}.Debug|Any CPU.Build.0 = Debug|Any CPU
		{7F773479-D347-4B5A-A966-F4C3D0D49727}.Debug|Mixed Platforms.ActiveCfg = Debug|Any CPU
		{7F773479-D347-4B5A-A966-F4C3D0D49727}.Debug|Mixed Platforms.Build.0 = Debug|Any CPU
		{7F773479-D347-4B5A-A966-F4C3D0D49727}.Debug|x86.ActiveCfg = Debug|Any CPU
		{7F773479-D347-4B5A-A966-F4C3D0D49727}.Release|Any CPU.ActiveCfg = Release|Any CPU
		{7F773479-D347-4B5A-A966-F4C3D0D49727}.Release|Any CPU.Build.0 = Release|Any CPU
		{7F773479-D347-4B5A-A966-F4C3D0D49727}.Release|Mixed Platforms.ActiveCfg = Release|Any CPU
		{7F773479-D347-4B5A-A966-F4C3D0D49727}.Release|Mixed Platforms.Build.0 = Release|Any CPU
		{7F773479-D347-4B5A-A966-F4C3D0D49727}.Release|x86.ActiveCfg = Release|Any CPU
	EndGlobalSection
	GlobalSection(SolutionProperties) = preSolution
		HideSolutionNode = FALSE
	EndGlobalSection
EndGlobal
